version = 1
revision = 3
requires-python = "==3.11.*"

[[package]]
name = "annotated-types"
version = "0.7.0"
source = { registry = "https://pypi.org/simple" }
sdist = { url = "https://files.pythonhosted.org/packages/ee/67/531ea369ba64dcff5ec9c3402f9f51bf748cec26dde048a2f973a4eea7f5/annotated_types-0.7.0.tar.gz", hash = "sha256:aff07c09a53a08bc8cfccb9c85b05f1aa9a2a6f23728d790723543408344ce89", size = 16081, upload-time = "2024-05-20T21:33:25.928Z" }
wheels = [
    { url = "https://files.pythonhosted.org/packages/78/b6/6307fbef88d9b5ee7421e68d78a9f162e0da4900bc5f5793f6d3d0e34fb8/annotated_types-0.7.0-py3-none-any.whl", hash = "sha256:1f02e8b43a8fbbc3f3e0d4f0f4bfc8131bcb4eebe8849b8e5c773f3a1c582a53", size = 13643, upload-time = "2024-05-20T21:33:24.1Z" },
]

[[package]]
name = "anyio"
version = "4.13.0"
source = { registry = "https://pypi.org/simple" }
dependencies = [
    { name = "idna" },
    { name = "typing-extensions" },
]
sdist = { url = "https://files.pythonhosted.org/packages/19/14/2c5dd9f512b66549ae92767a9c7b330ae88e1932ca57876909410251fe13/anyio-4.13.0.tar.gz", hash = "sha256:334b70e641fd2221c1505b3890c69882fe4a2df910cba14d97019b90b24439dc", size = 231622, upload-time = "2026-03-24T12:59:09.671Z" }
wheels = [
    { url = "https://files.pythonhosted.org/packages/da/42/e921fccf5015463e32a3cf6ee7f980a6ed0f395ceeaa45060b61d86486c2/anyio-4.13.0-py3-none-any.whl", hash = "sha256:08b310f9e24a9594186fd75b4f73f4a4152069e3853f1ed8bfbf58369f4ad708", size = 114353, upload-time = "2026-03-24T12:59:08.246Z" },
]

[[package]]
name = "beanie"
version = "1.26.0"
source = { registry = "https://pypi.org/simple" }
dependencies = [
    { name = "click" },
    { name = "lazy-model" },
    { name = "motor" },
    { name = "pydantic" },
    { name = "toml" },
]
sdist = { url = "https://files.pythonhosted.org/packages/9e/e4/8cc9b07d009c98fbc0d5a1ee3d78ee489efffc6b2dcc76f5068689b2ac59/beanie-1.26.0.tar.gz", hash = "sha256:54016f4ec71ed0ea6ce0c7946a395090c45687f254dbbe1cf06eec608383f790", size = 162519, upload-time = "2024-05-01T19:26:09.853Z" }
wheels = [
    { url = "https://files.pythonhosted.org/packages/c4/ce/a67a33b5fa2edf467969f532c6070a36d8d393ee4c9d8e1f612be7ad3054/beanie-1.26.0-py3-none-any.whl", hash = "sha256:b45926c01d4a899c519c665c2a5f230990717e99f7fd68172a389ca33e7693b9", size = 82784, upload-time = "2024-05-01T19:26:06.378Z" },
]

[[package]]
name = "camel-converter"
version = "4.0.1"
source = { registry = "https://pypi.org/simple" }
sdist = { url = "https://files.pythonhosted.org/packages/ee/3d/dd783586dc0c4aee5b6b88489666fdb2c0c344ea0aa8a5c10746cc423707/camel_converter-4.0.1.tar.gz", hash = "sha256:401414549ae4ac4073e38cdc4aa6d464dc534fc40aa06ff787bf0960b0c86535", size = 38915, upload-time = "2024-10-08T16:55:39.427Z" }
wheels = [
    { url = "https://files.pythonhosted.org/packages/32/e5/806359514cc8305f047bd6d39d63890298c0596f7328b534059724bd1a9e/camel_converter-4.0.1-py3-none-any.whl", hash = "sha256:0cba7ca1354a29ca2191983deecc9dcf28889f606c28d6ed18ac7d4586b163ac", size = 6243, upload-time = "2024-10-08T16:55:37.769Z" },
]

[[package]]
name = "certifi"
version = "2026.5.20"
source = { registry = "https://pypi.org/simple" }
sdist = { url = "https://files.pythonhosted.org/packages/f3/ce/ee2ecad540810a79593028e88299baeae54d346cc7a0d94b6199988b89b1/certifi-2026.5.20.tar.gz", hash = "sha256:69dea482ab64caa7b9f6aba1c6bf48bb6a5448d1c0f1b17ab42ad8c763a5344d", size = 135422, upload-time = "2026-05-20T11:46:50.073Z" }
wheels = [
    { url = "https://files.pythonhosted.org/packages/59/8c/57e832b7af6d7c5abe66eb3fbe3a3a32f4d11ea23a1aa7131371035be991/certifi-2026.5.20-py3-none-any.whl", hash = "sha256:3c52e209ba0a4ad7aebe60436a4ab349c39e1e602e8c134221e546902ad25897", size = 134134, upload-time = "2026-05-20T11:46:48.578Z" },
]

[[package]]
name = "chatty-ai"
version = "0.0.1"
source = { editable = "." }
dependencies = [
    { name = "chatty-core" },
    { name = "openai" },
]

[package.optional-dependencies]
dev = [
    { name = "chatty-test-services" },
    { name = "pytest" },
    { name = "pytest-asyncio" },
    { name = "pytest-tornasync" },
]

[package.metadata]
requires-dist = [
    { name = "chatty-core", directory = "../chatty_core" },
    { name = "chatty-test-services", marker = "extra == 'dev'", directory = "../chatty_test_services" },
    { name = "openai", specifier = "~=2.6.1" },
    { name = "pytest", marker = "extra == 'dev'" },
    { name = "pytest-asyncio", marker = "extra == 'dev'" },
    { name = "pytest-tornasync", marker = "extra == 'dev'" },
]
provides-extras = ["dev"]

[[package]]
name = "chatty-core"
version = "0.0.1"
source = { directory = "../chatty_core" }
dependencies = [
    { name = "beanie" },
    { name = "camel-converter" },
    { name = "motor" },
    { name = "pydantic" },
    { name = "pymongo" },
    { name = "typing-inspect" },
]

[package.metadata]
requires-dist = [
    { name = "beanie", specifier = "~=1.26.0" },
    { name = "camel-converter", specifier = "~=4.0.1" },
    { name = "chatty-test-services", marker = "extra == 'dev'", directory = "../chatty_test_services" },
    { name = "motor", specifier = "~=3.6.0" },
    { name = "pydantic", specifier = "~=2.9.2" },
    { name = "pymongo", specifier = "~=4.9.1" },
    { name = "pytest", marker = "extra == 'dev'" },
    { name = "pytest-asyncio", marker = "extra == 'dev'" },
    { name = "pytest-tornasync", marker = "extra == 'dev'" },
    { name = "typing-inspect", specifier = "~=0.9.0" },
]
provides-extras = ["dev"]

[[package]]
name = "chatty-test-services"
version = "0.0.1"
source = { directory = "../chatty_test_services" }
dependencies = [
    { name = "beanie" },
    { name = "mongomock-motor" },
    { name = "motor" },
]

[package.metadata]
requires-dist = [
    { name = "beanie", specifier = "~=1.26.0" },
    { name = "mongomock-motor", specifier = "~=0.0.34" },
    { name = "motor", specifier = "~=3.6.0" },
    { name = "pytest", marker = "extra == 'dev'" },
    { name = "pytest-asyncio", marker = "extra == 'dev'" },
    { name = "pytest-tornasync", marker = "extra == 'dev'" },
]
provides-extras = ["dev"]

[[package]]
name = "click"
version = "8.4.1"
source = { registry = "https://pypi.org/simple" }
dependencies = [
    { name = "colorama", marker = "sys_platform == 'win32'" },
]
sdist = { url = "https://files.pythonhosted.org/packages/9b/98/518d8e5081007684232226f475082b30087d0f585e8457db087298259f49/click-8.4.1.tar.gz", hash = "sha256:918b5633eddf6b41c32d4f454bf0de810065c74e3f7dbf8ee5452f8be88d3e96", size = 353007, upload-time = "2026-05-22T04:08:37.769Z" }
wheels = [
    { url = "https://files.pythonhosted.org/packages/c7/0d/67e5b4109ea4a837e80daa87c2c696711955e40449a97e8926672534def2/click-8.4.1-py3-none-any.whl", hash = "sha256:482be17c6991b8c19c5429a1e995d9b0efdbb63172824c41f99965dc0ade8ec2", size = 116639, upload-time = "2026-05-22T04:08:35.26Z" },
]

[[package]]
name = "colorama"
version = "0.4.6"
source = { registry = "https://pypi.org/simple" }
sdist = { url = "https://files.pythonhosted.org/packages/d8/53/6f443c9a4a8358a93a6792e2acffb9d9d5cb0a5cfd8802644b7b1c9a02e4/colorama-0.4.6.tar.gz", hash = "sha256:08695f5cb7ed6e0531a20572697297273c47b8cae5a63ffc6d6ed5c201be6e44", size = 27697, upload-time = "2022-10-25T02:36:22.414Z" }
wheels = [
    { url = "https://files.pythonhosted.org/packages/d1/d6/3965ed04c63042e047cb6a3e6ed1a63a35087b6a609aa3a15ed8ac56c221/colorama-0.4.6-py2.py3-none-any.whl", hash = "sha256:4f1d9991f5acc0ca119f9d443620b77f9d6b33703e51011c16baf57afb285fc6", size = 25335, upload-time = "2022-10-25T02:36:20.889Z" },
]

[[package]]
name = "distro"
version = "1.9.0"
source = { registry = "https://pypi.org/simple" }
sdist = { url = "https://files.pythonhosted.org/packages/fc/f8/98eea607f65de6527f8a2e8885fc8015d3e6f5775df186e443e0964a11c3/distro-1.9.0.tar.gz", hash = "sha256:2fa77c6fd8940f116ee1d6b94a2f90b13b5ea8d019b98bc8bafdcabcdd9bdbed", size = 60722, upload-time = "2023-12-24T09:54:32.31Z" }
wheels = [
    { url = "https://files.pythonhosted.org/packages/12/b3/231ffd4ab1fc9d679809f356cebee130ac7daa00d6d6f3206dd4fd137e9e/distro-1.9.0-py3-none-any.whl", hash = "sha256:7bffd925d65168f85027d8da9af6bddab658135b840670a223589bc0c8ef02b2", size = 20277, upload-time = "2023-12-24T09:54:30.421Z" },
]

[[package]]
name = "dnspython"
version = "2.8.0"
source = { registry = "https://pypi.org/simple" }
sdist = { url = "https://files.pythonhosted.org/packages/8c/8b/57666417c0f90f08bcafa776861060426765fdb422eb10212086fb811d26/dnspython-2.8.0.tar.gz", hash = "sha256:181d3c6996452cb1189c4046c61599b84a5a86e099562ffde77d26984ff26d0f", size = 368251, upload-time = "2025-09-07T18:58:00.022Z" }
wheels = [
    { url = "https://files.pythonhosted.org/packages/ba/5a/18ad964b0086c6e62e2e7500f7edc89e3faa45033c71c1893d34eed2b2de/dnspython-2.8.0-py3-none-any.whl", hash = "sha256:01d9bbc4a2d76bf0db7c1f729812ded6d912bd318d3b1cf81d30c0f845dbf3af", size = 331094, upload-time = "2025-09-07T18:57:58.071Z" },
]

[[package]]
name = "h11"
version = "0.16.0"
source = { registry = "https://pypi.org/simple" }
sdist = { url = "https://files.pythonhosted.org/packages/01/ee/02a2c011bdab74c6fb3c75474d40b3052059d95df7e73351460c8588d963/h11-0.16.0.tar.gz", hash = "sha256:4e35b956cf45792e4caa5885e69fba00bdbc6ffafbfa020300e549b208ee5ff1", size = 101250, upload-time = "2025-04-24T03:35:25.427Z" }
wheels = [
    { url = "https://files.pythonhosted.org/packages/04/4b/29cac41a4d98d144bf5f6d33995617b185d14b22401f75ca86f384e87ff1/h11-0.16.0-py3-none-any.whl", hash = "sha256:63cf8bbe7522de3bf65932fda1d9c2772064ffb3dae62d55932da54b31cb6c86", size = 37515, upload-time = "2025-04-24T03:35:24.344Z" },
]

[[package]]
name = "httpcore"
version = "1.0.9"
source = { registry = "https://pypi.org/simple" }
dependencies = [
    { name = "certifi" },
    { name = "h11" },
]
sdist = { url = "https://files.pythonhosted.org/packages/06/94/82699a10bca87a5556c9c59b5963f2d039dbd239f25bc2a63907a05a14cb/httpcore-1.0.9.tar.gz", hash = "sha256:6e34463af53fd2ab5d807f399a9b45ea31c3dfa2276f15a2c3f00afff6e176e8", size = 85484, upload-time = "2025-04-24T22:06:22.219Z" }
wheels = [
    { url = "https://files.pythonhosted.org/packages/7e/f5/f66802a942d491edb555dd61e3a9961140fd64c90bce1eafd741609d334d/httpcore-1.0.9-py3-none-any.whl", hash = "sha256:2d400746a40668fc9dec9810239072b40b4484b640a8c38fd654a024c7a1bf55", size = 78784, upload-time = "2025-04-24T22:06:20.566Z" },
]

[[package]]
name = "httpx"
version = "0.28.1"
source = { registry = "https://pypi.org/simple" }
dependencies = [
    { name = "anyio" },
    { name = "certifi" },
    { name = "httpcore" },
    { name = "idna" },
]
sdist = { url = "https://files.pythonhosted.org/packages/b1/df/48c586a5fe32a0f01324ee087459e112ebb7224f646c0b5023f5e79e9956/httpx-0.28.1.tar.gz", hash = "sha256:75e98c5f16b0f35b567856f597f06ff2270a374470a5c2392242528e3e3e42fc", size = 141406, upload-time = "2024-12-06T15:37:23.222Z" }
wheels = [
    { url = "https://files.pythonhosted.org/packages/2a/39/e50c7c3a983047577ee07d2a9e53faf5a69493943ec3f6a384bdc792deb2/httpx-0.28.1-py3-none-any.whl", hash = "sha256:d909fcccc110f8c7faf814ca82a9a4d816bc5a6dbfea25d6591d6985b8ba59ad", size = 73517, upload-time = "2024-12-06T15:37:21.509Z" },
]

[[package]]
name = "idna"
version = "3.18"
source = { registry = "https://pypi.org/simple" }
sdist = { url = "https://files.pythonhosted.org/packages/cd/63/9496c57188a2ee585e0f1db071d75089a11e98aa86eb99d9d7618fc1edce/idna-3.18.tar.gz", hash = "sha256:ffb385a7e039654cef1ab9ef32c6fafe283c0c0467bba1d9029738ce4a14a848", size = 196711, upload-time = "2026-06-02T14:34:07.794Z" }
wheels = [
    { url = "https://files.pythonhosted.org/packages/1e/5e/d4e9f1a599fb8e573b7b87160658329fbf28d19eac2718f51fc3def3aa5a/idna-3.18-py3-none-any.whl", hash = "sha256:7f952cbe720b688055e3f87de14f5c3e5fdaa8bc3928985c4077ca689de849a2", size = 65455, upload-time = "2026-06-02T14:34:06.319Z" },
]

[[package]]
name = "iniconfig"
version = "2.3.0"
source = { registry = "https://pypi.org/simple" }
sdist = { url = "https://files.pythonhosted.org/packages/72/34/14ca021ce8e5dfedc35312d08ba8bf51fdd999c576889fc2c24cb97f4f10/iniconfig-2.3.0.tar.gz", hash = "sha256:c76315c77db068650d49c5b56314774a7804df16fee4402c1f19d6d15d8c4730", size = 20503, upload-time = "2025-10-18T21:55:43.219Z" }
wheels = [
    { url = "https://files.pythonhosted.org/packages/cb/b1/3846dd7f199d53cb17f49cba7e651e9ce294d8497c8c150530ed11865bb8/iniconfig-2.3.0-py3-none-any.whl", hash = "sha256:f631c04d2c48c52b84d0d0549c99ff3859c98df65b3101406327ecc7d53fbf12", size = 7484, upload-time = "2025-10-18T21:55:41.639Z" },
]

[[package]]
name = "jiter"
version = "0.15.0"
source = { registry = "https://pypi.org/simple" }
sdist = { url = "https://files.pythonhosted.org/packages/66/b5/55f06bb281d92fb3cc86d14e1def2bd908bb77693183e7cb1f5a3c388b0c/jiter-0.15.0.tar.gz", hash = "sha256:4251acc80e2b7c9b7b8823456ea0fceeb0734dac2df7636d3c711b38476b5a76", size = 166640, upload-time = "2026-05-19T10:09:48.361Z" }
wheels = [
    { url = "https://files.pythonhosted.org/packages/e4/13/daa722f5765c393576f466378f9dfd29d77c9bed939e0688f96afa3601ea/jiter-0.15.0-cp311-cp311-macosx_10_12_x86_64.whl", hash = "sha256:0f862193b8696249d22ec433e85fd2ab0ad9596bc3e45e6c0bc55e8aeba97be2", size = 310899, upload-time = "2026-05-19T10:07:12.89Z" },
    { url = "https://files.pythonhosted.org/packages/7f/82/2d2551829b082f4b6d82b9f939b031fb808a10aab1ec0664f82e150bb9a2/jiter-0.15.0-cp311-cp311-macosx_11_0_arm64.whl", hash = "sha256:1303d4d68a9b051ea90502402063ecf3807da00ad2affa19ca1ae3b90b3c5f67", size = 314963, upload-time = "2026-05-19T10:07:14.539Z" },
    { url = "https://files.pythonhosted.org/packages/2a/0a/8b1a51466f7fe9f31dbe4bc7e0ca848674f9825e0f737b929b97e8c60aa7/jiter-0.15.0-cp311-cp311-manylinux_2_17_aarch64.manylinux2014_aarch64.whl", hash = "sha256:392b8ab019e5502d08aff85c6272209c24bc2cbe706ea82a56368f524236614a", size = 341730, upload-time = "2026-05-19T10:07:15.869Z" },
    { url = "https://files.pythonhosted.org/packages/f6/2a/e71dea19822e2e404e83992a08c1d6b9b617bb944f28c9c2fbd85d02c91e/jiter-0.15.0-cp311-cp311-manylinux_2_17_armv7l.manylinux2014_armv7l.whl", hash = "sha256:773b6eb282ce11ee19f05f6b2d4404fa308e5bbd353b0b80a0262caad6db2cd7", size = 366214, upload-time = "2026-05-19T10:07:17.259Z" },
    { url = "https://files.pythonhosted.org/packages/c4/59/97e1fa539d124a509a00ab7f669289d1c1d236ecabf12948a18f16c91082/jiter-0.15.0-cp311-cp311-manylinux_2_17_ppc64le.manylinux2014_ppc64le.whl", hash = "sha256:8d2c0c44d569ce0f2850f5c926f8caeb5f245fbc84475aeb36efccc2103e6dbd", size = 459527, upload-time = "2026-05-19T10:07:18.741Z" },
    { url = "https://files.pythonhosted.org/packages/d1/7a/4a68d331aef8cf2e2393c14a3aacb635c62aa86071b0229899fb5baaa907/jiter-0.15.0-cp311-cp311-manylinux_2_17_s390x.manylinux2014_s390x.whl", hash = "sha256:032396229564bca02440396bd327710719f724f5e7b7e9f7a8eb3faa4a2c2281", size = 375451, upload-time = "2026-05-19T10:07:20.208Z" },
    { url = "https://files.pythonhosted.org/packages/7b/7e/1c445c2b6f0e30a274dc8082e0c3c7825411cce80d726bccd697c98cc8d3/jiter-0.15.0-cp311-cp311-manylinux_2_17_x86_64.manylinux2014_x86_64.whl", hash = "sha256:f3d37768fce7f88dd2a8c6091f2325dea27d30d30d5c6e7a1c0f0af77723b708", size = 349428, upload-time = "2026-05-19T10:07:22.372Z" },
    { url = "https://files.pythonhosted.org/packages/00/94/e20d38984fc17a636371bffd2ae0f698124fdc8e75ef969cd2da6ba7cea7/jiter-0.15.0-cp311-cp311-manylinux_2_31_riscv64.whl", hash = "sha256:2c9cb907439d20bd0c7d7565ca01ee52234203208433749bae5b516907526928", size = 355405, upload-time = "2026-05-19T10:07:23.916Z" },
    { url = "https://files.pythonhosted.org/packages/94/fa/4d09f814779d0ea80a28ed8e4c6662ec9a4a8ecef0ac52190ebac6262d14/jiter-0.15.0-cp311-cp311-manylinux_2_5_i686.manylinux1_i686.whl", hash = "sha256:9100ddbec09741cc66feb0fc6773f8bdbd0e3c345689368f260082ff85dcc0cd", size = 393688, upload-time = "2026-05-19T10:07:25.854Z" },
    { url = "https://files.pythonhosted.org/packages/54/9d/8eb5d4fb8bf7e93a75964a5da71a75c67c864baf7fa3f98598187b3c7e57/jiter-0.15.0-cp311-cp311-musllinux_1_1_aarch64.whl", hash = "sha256:ae1b0d82ac2d987f9ea512b1c9adfcc71a28de3dea3a6039b54d76cffda9901e", size = 520853, upload-time = "2026-05-19T10:07:27.303Z" },
    { url = "https://files.pythonhosted.org/packages/e7/2c/5e07874e59e623a943a0acf1552a80d05b70f31b402287a8fc6d7ec634c7/jiter-0.15.0-cp311-cp311-musllinux_1_1_x86_64.whl", hash = "sha256:8020c99ec13a7db2b6f96cbe82ef4721c88b426a4892f27478044af0284615ef", size = 551016, upload-time = "2026-05-19T10:07:28.846Z" },
    { url = "https://files.pythonhosted.org/packages/22/ed/d2d34422143474cadc15b60d482b1c35683dbc5c63c24346ddd0df09bcaf/jiter-0.15.0-cp311-cp311-win32.whl", hash = "sha256:42bfb257930800cf43e7c62c832402c704ab60797c992faf88d20e903eac8f32", size = 209518, upload-time = "2026-05-19T10:07:30.431Z" },
    { url = "https://files.pythonhosted.org/packages/1d/7d/52778b930e5cc3e52a37d950b1c10494244308b4329b25a0ff0d88303a81/jiter-0.15.0-cp311-cp311-win_amd64.whl", hash = "sha256:860a74063284a2ae9bfedd694f299cc2c68e2696c5f3d440cc9d18bb81b9dd04", size = 200565, upload-time = "2026-05-19T10:07:32.125Z" },
    { url = "https://files.pythonhosted.org/packages/3b/4f/d9b4067feb69b3fa6eb0488e1b59e2ad5b463fe39f59e527eab2aca00bb0/jiter-0.15.0-cp311-cp311-win_arm64.whl", hash = "sha256:37a10c377ce3a4a85f4a67f28b7afe093154cde77eaf248a72e856aa08b4d865", size = 195488, upload-time = "2026-05-19T10:07:33.846Z" },
    { url = "https://files.pythonhosted.org/packages/65/43/1fc62172aa98b50a7de9a25554060db510f85c89cfbed0dfe13e1907a139/jiter-0.15.0-graalpy311-graalpy242_311_native-macosx_10_12_x86_64.whl", hash = "sha256:411fa4dfa5a7ae3d11491027ffb9beadec3996010a986862db70d91abba1c750", size = 305585, upload-time = "2026-05-19T10:09:35.995Z" },
    { url = "https://files.pythonhosted.org/packages/e8/c4/dd58fcd9e2df83666e5c1c1347bef58ce919cd8efc3ffa38aeea62ce493b/jiter-0.15.0-graalpy311-graalpy242_311_native-macosx_11_0_arm64.whl", hash = "sha256:2b0074e2f56eb2dacca1689760fd2852a068f85a0547a157b82cb4cafeb6768b", size = 306936, upload-time = "2026-05-19T10:09:37.435Z" },
    { url = "https://files.pythonhosted.org/packages/39/86/b695e16f1180c07f43ea98e73ecd21cf63fa2e1b0c1103739013784d11ae/jiter-0.15.0-graalpy311-graalpy242_311_native-manylinux_2_17_aarch64.manylinux2014_aarch64.whl", hash = "sha256:913d02d29c9606643418d9ccfc3b72492ab25a6bf7889934e09a3490f8d3438b", size = 342453, upload-time = "2026-05-19T10:09:39.294Z" },
    { url = "https://files.pythonhosted.org/packages/34/56/55d76614af37fe3f22a3347d1e410d2a15da581997cb2da499a625000bb5/jiter-0.15.0-graalpy311-graalpy242_311_native-manylinux_2_17_x86_64.manylinux2014_x86_64.whl", hash = "sha256:b15d3ec9b0449c40e85319bdb4caa8b77ab526e74f5532ed94bec15e2f66822c", size = 345606, upload-time = "2026-05-19T10:09:40.727Z" },
]

[[package]]
name = "lazy-model"
version = "0.2.0"
source = { registry = "https://pypi.org/simple" }
dependencies = [
    { name = "pydantic" },
]
sdist = { url = "https://files.pythonhosted.org/packages/47/9e/c60681be72f03845c209a86d5ce0404540c8d1818fc29bc64fc95220de5c/lazy-model-0.2.0.tar.gz", hash = "sha256:57c0e91e171530c4fca7aebc3ac05a163a85cddd941bf7527cc46c0ddafca47c", size = 8152, upload-time = "2023-09-10T02:29:57.974Z" }
wheels = [
    { url = "https://files.pythonhosted.org/packages/0a/13/e37962a20f7051b2d6d286c3feb85754f9ea8c4cac302927971e910cc9f6/lazy_model-0.2.0-py3-none-any.whl", hash = "sha256:5a3241775c253e36d9069d236be8378288a93d4fc53805211fd152e04cc9c342", size = 13719, upload-time = "2023-09-10T02:29:59.067Z" },
]

[[package]]
name = "mongomock"
version = "4.3.0"
source = { registry = "https://pypi.org/simple" }
dependencies = [
    { name = "packaging" },
    { name = "pytz" },
    { name = "sentinels" },
]
sdist = { url = "https://files.pythonhosted.org/packages/4d/a4/4a560a9f2a0bec43d5f63104f55bc48666d619ca74825c8ae156b08547cf/mongomock-4.3.0.tar.gz", hash = "sha256:32667b79066fabc12d4f17f16a8fd7361b5f4435208b3ba32c226e52212a8c30", size = 135862, upload-time = "2024-11-16T11:23:25.957Z" }
wheels = [
    { url = "https://files.pythonhosted.org/packages/94/4d/8bea712978e3aff017a2ab50f262c620e9239cc36f348aae45e48d6a4786/mongomock-4.3.0-py2.py3-none-any.whl", hash = "sha256:5ef86bd12fc8806c6e7af32f21266c61b6c4ba96096f85129852d1c4fec1327e", size = 64891, upload-time = "2024-11-16T11:23:24.748Z" },
]

[[package]]
name = "mongomock-motor"
version = "0.0.36"
source = { registry = "https://pypi.org/simple" }
dependencies = [
    { name = "mongomock" },
    { name = "motor" },
]
sdist = { url = "https://files.pythonhosted.org/packages/18/9f/38e42a34ebad323addaf6296d6b5d83eaf2c423adf206b757c68315e196a/mongomock_motor-0.0.36.tar.gz", hash = "sha256:3cf62352ece5af2f02e04d2f252393f88b5fe0487997da00584020cee4b8efba", size = 5754, upload-time = "2025-05-16T22:52:27.214Z" }
wheels = [
    { url = "https://files.pythonhosted.org/packages/d6/99/f5fdbbdc96bfd03e5f9c36339547a9076f5dbb5882900b7621526d41a38d/mongomock_motor-0.0.36-py3-none-any.whl", hash = "sha256:3ecb7949662b8986ff9c267fa0b1402b5b75a6afd57f03850cd6e13a067e3691", size = 7334, upload-time = "2025-05-16T22:52:25.417Z" },
]

[[package]]
name = "motor"
version = "3.6.1"
source = { registry = "https://pypi.org/simple" }
dependencies = [
    { name = "pymongo" },
]
sdist = { url = "https://files.pythonhosted.org/packages/c3/5d/be1f10b4ecc259503bcc9c5642a61b39715796343c771f3f61b84f79ee21/motor-3.6.1.tar.gz", hash = "sha256:ee2b18386292f9ceb3cc8279a4cd34e4c641c5ac8de3500c30374081c76a9d03", size = 279031, upload-time = "2025-01-14T18:46:12.746Z" }
wheels = [
    { url = "https://files.pythonhosted.org/packages/ce/aa/a255c74c702477a8610fa24fb83af45ce1a2dd0bce7bca4e2230e2c9a23b/motor-3.6.1-py3-none-any.whl", hash = "sha256:7fe552353aded4fa9f05ae515a179df5b1d192b1da56726f422dbb2d8c3b5962", size = 74813, upload-time = "2025-01-14T18:46:08.002Z" },
]

[[package]]
name = "mypy-extensions"
version = "1.1.0"
source = { registry = "https://pypi.org/simple" }
sdist = { url = "https://files.pythonhosted.org/packages/a2/6e/371856a3fb9d31ca8dac321cda606860fa4548858c0cc45d9d1d4ca2628b/mypy_extensions-1.1.0.tar.gz", hash = "sha256:52e68efc3284861e772bbcd66823fde5ae21fd2fdb51c62a211403730b916558", size = 6343, upload-time = "2025-04-22T14:54:24.164Z" }
wheels = [
    { url = "https://files.pythonhosted.org/packages/79/7b/2c79738432f5c924bef5071f933bcc9efd0473bac3b4aa584a6f7c1c8df8/mypy_extensions-1.1.0-py3-none-any.whl", hash = "sha256:1be4cccdb0f2482337c4743e60421de3a356cd97508abadd57d47403e94f5505", size = 4963, upload-time = "2025-04-22T14:54:22.983Z" },
]

[[package]]
name = "openai"
version = "2.6.1"
source = { registry = "https://pypi.org/simple" }
dependencies = [
    { name = "anyio" },
    { name = "distro" },
    { name = "httpx" },
    { name = "jiter" },
    { name = "pydantic" },
    { name = "sniffio" },
    { name = "tqdm" },
    { name = "typing-extensions" },
]
sdist = { url = "https://files.pythonhosted.org/packages/c4/44/303deb97be7c1c9b53118b52825cbd1557aeeff510f3a52566b1fa66f6a2/openai-2.6.1.tar.gz", hash = "sha256:27ae704d190615fca0c0fc2b796a38f8b5879645a3a52c9c453b23f97141bb49", size = 593043, upload-time = "2025-10-24T13:29:52.79Z" }
wheels = [
    { url = "https://files.pythonhosted.org/packages/15/0e/331df43df633e6105ff9cf45e0ce57762bd126a45ac16b25a43f6738d8a2/openai-2.6.1-py3-none-any.whl", hash = "sha256:904e4b5254a8416746a2f05649594fa41b19d799843cd134dac86167e094edef", size = 1005551, upload-time = "2025-10-24T13:29:50.973Z" },
]

[[package]]
name = "packaging"
version = "26.2"
source = { registry = "https://pypi.org/simple" }
sdist = { url = "https://files.pythonhosted.org/packages/d7/f1/e7a6dd94a8d4a5626c03e4e99c87f241ba9e350cd9e6d75123f992427270/packaging-26.2.tar.gz", hash = "sha256:ff452ff5a3e828ce110190feff1178bb1f2ea2281fa2075aadb987c2fb221661", size = 228134, upload-time = "2026-04-24T20:15:23.917Z" }
wheels = [
    { url = "https://files.pythonhosted.org/packages/df/b2/87e62e8c3e2f4b32e5fe99e0b86d576da1312593b39f47d8ceef365e95ed/packaging-26.2-py3-none-any.whl", hash = "sha256:5fc45236b9446107ff2415ce77c807cee2862cb6fac22b8a73826d0693b0980e", size = 100195, upload-time = "2026-04-24T20:15:22.081Z" },
]

[[package]]
name = "pluggy"
version = "1.6.0"
source = { registry = "https://pypi.org/simple" }
sdist = { url = "https://files.pythonhosted.org/packages/f9/e2/3e91f31a7d2b083fe6ef3fa267035b518369d9511ffab804f839851d2779/pluggy-1.6.0.tar.gz", hash = "sha256:7dcc130b76258d33b90f61b658791dede3486c3e6bfb003ee5c9bfb396dd22f3", size = 69412, upload-time = "2025-05-15T12:30:07.975Z" }
wheels = [
    { url = "https://files.pythonhosted.org/packages/54/20/4d324d65cc6d9205fabedc306948156824eb9f0ee1633355a8f7ec5c66bf/pluggy-1.6.0-py3-none-any.whl", hash = "sha256:e920276dd6813095e9377c0bc5566d94c932c33b27a3e3945d8389c374dd4746", size = 20538, upload-time = "2025-05-15T12:30:06.134Z" },
]

[[package]]
name = "pydantic"
version = "2.9.2"
source = { registry = "https://pypi.org/simple" }
dependencies = [
    { name = "annotated-types" },
    { name = "pydantic-core" },
    { name = "typing-extensions" },
]
sdist = { url = "https://files.pythonhosted.org/packages/a9/b7/d9e3f12af310e1120c21603644a1cd86f59060e040ec5c3a80b8f05fae30/pydantic-2.9.2.tar.gz", hash = "sha256:d155cef71265d1e9807ed1c32b4c8deec042a44a50a4188b25ac67ecd81a9c0f", size = 769917, upload-time = "2024-09-17T15:59:54.273Z" }
wheels = [
    { url = "https://files.pythonhosted.org/packages/df/e4/ba44652d562cbf0bf320e0f3810206149c8a4e99cdbf66da82e97ab53a15/pydantic-2.9.2-py3-none-any.whl", hash = "sha256:f048cec7b26778210e28a0459867920654d48e5e62db0958433636cde4254f12", size = 434928, upload-time = "2024-09-17T15:59:51.827Z" },
]

[[package]]
name = "pydantic-core"
version = "2.23.4"
source = { registry = "https://pypi.org/simple" }
dependencies = [
    { name = "typing-extensions" },
]
sdist = { url = "https://files.pythonhosted.org/packages/e2/aa/6b6a9b9f8537b872f552ddd46dd3da230367754b6f707b8e1e963f515ea3/pydantic_core-2.23.4.tar.gz", hash = "sha256:2584f7cf844ac4d970fba483a717dbe10c1c1c96a969bf65d61ffe94df1b2863", size = 402156, upload-time = "2024-09-16T16:06:44.786Z" }
wheels = [
    { url = "https://files.pythonhosted.org/packages/5d/30/890a583cd3f2be27ecf32b479d5d615710bb926d92da03e3f7838ff3e58b/pydantic_core-2.23.4-cp311-cp311-macosx_10_12_x86_64.whl", hash = "sha256:77733e3892bb0a7fa797826361ce8a9184d25c8dffaec60b7ffe928153680ba8", size = 1865160, upload-time = "2024-09-16T16:04:18.628Z" },
    { url = "https://files.pythonhosted.org/packages/1d/9a/b634442e1253bc6889c87afe8bb59447f106ee042140bd57680b3b113ec7/pydantic_core-2.23.4-cp311-cp311-macosx_11_0_arm64.whl", hash = "sha256:1b84d168f6c48fabd1f2027a3d1bdfe62f92cade1fb273a5d68e621da0e44e6d", size = 1776777, upload-time = "2024-09-16T16:04:20.038Z" },
    { url = "https://files.pythonhosted.org/packages/75/9a/7816295124a6b08c24c96f9ce73085032d8bcbaf7e5a781cd41aa910c891/pydantic_core-2.23.4-cp311-cp311-manylinux_2_17_aarch64.manylinux2014_aarch64.whl", hash = "sha256:df49e7a0861a8c36d089c1ed57d308623d60416dab2647a4a17fe050ba85de0e", size = 1799244, upload-time = "2024-09-16T16:04:21.799Z" },
    { url = "https://files.pythonhosted.org/packages/a9/8f/89c1405176903e567c5f99ec53387449e62f1121894aa9fc2c4fdc51a59b/pydantic_core-2.23.4-cp311-cp311-manylinux_2_17_armv7l.manylinux2014_armv7l.whl", hash = "sha256:ff02b6d461a6de369f07ec15e465a88895f3223eb75073ffea56b84d9331f607", size = 1805307, upload-time = "2024-09-16T16:04:23.324Z" },
    { url = "https://files.pythonhosted.org/packages/d5/a5/1a194447d0da1ef492e3470680c66048fef56fc1f1a25cafbea4bc1d1c48/pydantic_core-2.23.4-cp311-cp311-manylinux_2_17_ppc64le.manylinux2014_ppc64le.whl", hash = "sha256:996a38a83508c54c78a5f41456b0103c30508fed9abcad0a59b876d7398f25fd", size = 2000663, upload-time = "2024-09-16T16:04:25.203Z" },
    { url = "https://files.pythonhosted.org/packages/13/a5/1df8541651de4455e7d587cf556201b4f7997191e110bca3b589218745a5/pydantic_core-2.23.4-cp311-cp311-manylinux_2_17_s390x.manylinux2014_s390x.whl", hash = "sha256:d97683ddee4723ae8c95d1eddac7c192e8c552da0c73a925a89fa8649bf13eea", size = 2655941, upload-time = "2024-09-16T16:04:27.211Z" },
    { url = "https://files.pythonhosted.org/packages/44/31/a3899b5ce02c4316865e390107f145089876dff7e1dfc770a231d836aed8/pydantic_core-2.23.4-cp311-cp311-manylinux_2_17_x86_64.manylinux2014_x86_64.whl", hash = "sha256:216f9b2d7713eb98cb83c80b9c794de1f6b7e3145eef40400c62e86cee5f4e1e", size = 2052105, upload-time = "2024-09-16T16:04:28.611Z" },
    { url = "https://files.pythonhosted.org/packages/1b/aa/98e190f8745d5ec831f6d5449344c48c0627ac5fed4e5340a44b74878f8e/pydantic_core-2.23.4-cp311-cp311-manylinux_2_5_i686.manylinux1_i686.whl", hash = "sha256:6f783e0ec4803c787bcea93e13e9932edab72068f68ecffdf86a99fd5918878b", size = 1919967, upload-time = "2024-09-16T16:04:30.045Z" },
    { url = "https://files.pythonhosted.org/packages/ae/35/b6e00b6abb2acfee3e8f85558c02a0822e9a8b2f2d812ea8b9079b118ba0/pydantic_core-2.23.4-cp311-cp311-musllinux_1_1_aarch64.whl", hash = "sha256:d0776dea117cf5272382634bd2a5c1b6eb16767c223c6a5317cd3e2a757c61a0", size = 1964291, upload-time = "2024-09-16T16:04:32.376Z" },
    { url = "https://files.pythonhosted.org/packages/13/46/7bee6d32b69191cd649bbbd2361af79c472d72cb29bb2024f0b6e350ba06/pydantic_core-2.23.4-cp311-cp311-musllinux_1_1_x86_64.whl", hash = "sha256:d5f7a395a8cf1621939692dba2a6b6a830efa6b3cee787d82c7de1ad2930de64", size = 2109666, upload-time = "2024-09-16T16:04:33.923Z" },
    { url = "https://files.pythonhosted.org/packages/39/ef/7b34f1b122a81b68ed0a7d0e564da9ccdc9a2924c8d6c6b5b11fa3a56970/pydantic_core-2.23.4-cp311-none-win32.whl", hash = "sha256:74b9127ffea03643e998e0c5ad9bd3811d3dac8c676e47db17b0ee7c3c3bf35f", size = 1732940, upload-time = "2024-09-16T16:04:35.467Z" },
    { url = "https://files.pythonhosted.org/packages/2f/76/37b7e76c645843ff46c1d73e046207311ef298d3f7b2f7d8f6ac60113071/pydantic_core-2.23.4-cp311-none-win_amd64.whl", hash = "sha256:98d134c954828488b153d88ba1f34e14259284f256180ce659e8d83e9c05eaa3", size = 1916804, upload-time = "2024-09-16T16:04:37.06Z" },
]

[[package]]
name = "pygments"
version = "2.20.0"
source = { registry = "https://pypi.org/simple" }
sdist = { url = "https://files.pythonhosted.org/packages/c3/b2/bc9c9196916376152d655522fdcebac55e66de6603a76a02bca1b6414f6c/pygments-2.20.0.tar.gz", hash = "sha256:6757cd03768053ff99f3039c1a36d6c0aa0b263438fcab17520b30a303a82b5f", size = 4955991, upload-time = "2026-03-29T13:29:33.898Z" }
wheels = [
    { url = "https://files.pythonhosted.org/packages/f4/7e/a72dd26f3b0f4f2bf1dd8923c85f7ceb43172af56d63c7383eb62b332364/pygments-2.20.0-py3-none-any.whl", hash = "sha256:81a9e26dd42fd28a23a2d169d86d7ac03b46e2f8b59ed4698fb4785f946d0176", size = 1231151, upload-time = "2026-03-29T13:29:30.038Z" },
]

[[package]]
name = "pymongo"
version = "4.9.2"
source = { registry = "https://pypi.org/simple" }
dependencies = [
    { name = "dnspython" },
]
sdist = { url = "https://files.pythonhosted.org/packages/fb/43/d5e8993bd43e6f9cbe985e8ae1398eb73309e88694ac2ea618eacbc9cea2/pymongo-4.9.2.tar.gz", hash = "sha256:3e63535946f5df7848307b9031aa921f82bb0cbe45f9b0c3296f2173f9283eb0", size = 1889366, upload-time = "2024-10-02T16:35:35.307Z" }
wheels = [
    { url = "https://files.pythonhosted.org/packages/a8/b4/7af80304a0798526fac959e3de651b0747472c049c8b89a6c15fed2026f6/pymongo-4.9.2-cp311-cp311-macosx_10_9_x86_64.whl", hash = "sha256:99e40f44877b32bf4b3c46ceed2228f08c222cf7dec8a4366dd192a1429143fa", size = 887499, upload-time = "2024-10-02T16:34:14.257Z" },
    { url = "https://files.pythonhosted.org/packages/33/ee/5389229774f842bd92a123fd3ea4f2d72b474bde9315ff00e889fe104a0d/pymongo-4.9.2-cp311-cp311-macosx_11_0_arm64.whl", hash = "sha256:6f6834d575ed87edc7dfcab4501d961b6a423b3839edd29ecb1382eee7736777", size = 887755, upload-time = "2024-10-02T16:34:15.803Z" },
    { url = "https://files.pythonhosted.org/packages/d4/fd/3f0ae0fd3a7049ec67ab8f952020bc9fad841791d52d8c51405bd91b3c9b/pymongo-4.9.2-cp311-cp311-manylinux_2_17_aarch64.manylinux2014_aarch64.whl", hash = "sha256:3010018f5672e5b7e8d096dea9f1ea6545b05345ff0eb1754f6ee63785550773", size = 1647336, upload-time = "2024-10-02T16:34:17.454Z" },
    { url = "https://files.pythonhosted.org/packages/00/b7/0472d51778e9e22b2ffd5ae9a401888525c4872cb2073f1bff8d5ae9659b/pymongo-4.9.2-cp311-cp311-manylinux_2_17_ppc64le.manylinux2014_ppc64le.whl", hash = "sha256:69394ee9f0ce38ff71266bad01b7e045cd75e58500ebad5d72187cbabf2e652a", size = 1713193, upload-time = "2024-10-02T16:34:18.933Z" },
    { url = "https://files.pythonhosted.org/packages/8c/ac/aa41cb291107bb16bae286d7b9f2c868e393765830bc173609ae4dc9a3ae/pymongo-4.9.2-cp311-cp311-manylinux_2_17_s390x.manylinux2014_s390x.whl", hash = "sha256:87b18094100f21615d9db99c255dcd9e93e476f10fb03c1d3632cf4b82d201d2", size = 1681720, upload-time = "2024-10-02T16:34:20.578Z" },
    { url = "https://files.pythonhosted.org/packages/dc/70/ac12eb58bd46a7254daaa4d39e7c4109983ee2227dac44df6587954fe345/pymongo-4.9.2-cp311-cp311-manylinux_2_17_x86_64.manylinux2014_x86_64.whl", hash = "sha256:3039e093d28376d6a54bdaa963ca12230c8a53d7b19c8e6368e19bcfbd004176", size = 1652109, upload-time = "2024-10-02T16:34:21.861Z" },
    { url = "https://files.pythonhosted.org/packages/d3/20/38f71e0f1c7878b287305b2965cebe327fc5626ecca83ea52a272968cbe2/pymongo-4.9.2-cp311-cp311-manylinux_2_5_i686.manylinux1_i686.manylinux_2_17_i686.manylinux2014_i686.whl", hash = "sha256:6ab42d9ee93fe6b90020c42cba5bfb43a2b4660951225d137835efc21940da48", size = 1611503, upload-time = "2024-10-02T16:34:23.227Z" },
    { url = "https://files.pythonhosted.org/packages/9b/4c/d3b26e1040c9538b9c8aed005ec18af7515c6dd3091aabfbf6c30a3b3b1a/pymongo-4.9.2-cp311-cp311-win32.whl", hash = "sha256:a663ca60e187a248d370c58961e40f5463077d2b43831eb92120ea28a79ecf96", size = 855570, upload-time = "2024-10-02T16:34:24.674Z" },
    { url = "https://files.pythonhosted.org/packages/40/3d/7de1a4cf51bf2b10bb9f43ffa208acad0d64c18994ca8d83f490edef6834/pymongo-4.9.2-cp311-cp311-win_amd64.whl", hash = "sha256:24e7b6887bbfefd05afed26a99a2c69459e2daa351a43a410de0d6c0ee3cce4e", size = 874715, upload-time = "2024-10-02T16:34:25.973Z" },
]

[[package]]
name = "pytest"
version = "9.0.3"
source = { registry = "https://pypi.org/simple" }
dependencies = [
    { name = "colorama", marker = "sys_platform == 'win32'" },
    { name = "iniconfig" },
    { name = "packaging" },
    { name = "pluggy" },
    { name = "pygments" },
]
sdist = { url = "https://files.pythonhosted.org/packages/7d/0d/549bd94f1a0a402dc8cf64563a117c0f3765662e2e668477624baeec44d5/pytest-9.0.3.tar.gz", hash = "sha256:b86ada508af81d19edeb213c681b1d48246c1a91d304c6c81a427674c17eb91c", size = 1572165, upload-time = "2026-04-07T17:16:18.027Z" }
wheels = [
    { url = "https://files.pythonhosted.org/packages/d4/24/a372aaf5c9b7208e7112038812994107bc65a84cd00e0354a88c2c77a617/pytest-9.0.3-py3-none-any.whl", hash = "sha256:2c5efc453d45394fdd706ade797c0a81091eccd1d6e4bccfcd476e2b8e0ab5d9", size = 375249, upload-time = "2026-04-07T17:16:16.13Z" },
]

[[package]]
name = "pytest-asyncio"
version = "1.4.0"
source = { registry = "https://pypi.org/simple" }
dependencies = [
    { name = "pytest" },
    { name = "typing-extensions" },
]
sdist = { url = "https://files.pythonhosted.org/packages/43/7c/d36d04db312ecf4298932ef77e6e4a9e8ad017906e24e34f0b0c361a2473/pytest_asyncio-1.4.0.tar.gz", hash = "sha256:c6c0d2259945122819f171a32ecea2c349ead889ee28176caaf492143424be42", size = 58514, upload-time = "2026-05-26T09:56:04.083Z" }
wheels = [
    { url = "https://files.pythonhosted.org/packages/03/e2/08a497ef684b88559c9cc5f4ad53a37e7b99e727094a86d6ea32536d5d3c/pytest_asyncio-1.4.0-py3-none-any.whl", hash = "sha256:933ca923a23075a87fb7070c0ec272a6848489824d887c85c812670932835aa1", size = 16930, upload-time = "2026-05-26T09:56:02.576Z" },
]

[[package]]
name = "pytest-tornasync"
version = "0.6.0.post2"
source = { registry = "https://pypi.org/simple" }
dependencies = [
    { name = "pytest" },
    { name = "tornado" },
]
sdist = { url = "https://files.pythonhosted.org/packages/54/a0/e096d3609793ea1c3bbf255f923da453b83728cfc9f10bcbab98d6932d74/pytest-tornasync-0.6.0.post2.tar.gz", hash = "sha256:d781b6d951a2e7c08843141d3ff583610b4ea86bfa847714c76edefb576bbe5d", size = 6201, upload-time = "2019-07-15T08:41:13.921Z" }
wheels = [
    { url = "https://files.pythonhosted.org/packages/50/b9/3615ebfc3120bb949c3725b50793f42c3230d0175d6cfd358ea8bb6928ff/pytest_tornasync-0.6.0.post2-py3-none-any.whl", hash = "sha256:4b165b6ba76b5b228933598f456b71ba233f127991a52889788db0a950ad04ba", size = 6634, upload-time = "2019-07-15T08:41:12.234Z" },
]

[[package]]
name = "pytz"
version = "2026.2"
source = { registry = "https://pypi.org/simple" }
sdist = { url = "https://files.pythonhosted.org/packages/ff/46/dd499ec9038423421951e4fad73051febaa13d2df82b4064f87af8b8c0c3/pytz-2026.2.tar.gz", hash = "sha256:0e60b47b29f21574376f218fe21abc009894a2321ea16c6754f3cad6eb7cdd6a", size = 320861, upload-time = "2026-05-04T01:35:29.667Z" }
wheels = [
    { url = "https://files.pythonhosted.org/packages/ec/dd/96da98f892250475bdf2328112d7468abdd4acc7b902b6af23f4ed958ea0/pytz-2026.2-py2.py3-none-any.whl", hash = "sha256:04156e608bee23d3792fd45c94ae47fae1036688e75032eea2e3bf0323d1f126", size = 510141, upload-time = "2026-05-04T01:35:27.408Z" },
]

[[package]]
name = "sentinels"
version = "1.1.1"
source = { registry = "https://pypi.org/simple" }
sdist = { url = "https://files.pythonhosted.org/packages/6f/9b/07195878aa25fe6ed209ec74bc55ae3e3d263b60a489c6e73fdca3c8fe05/sentinels-1.1.1.tar.gz", hash = "sha256:3c2f64f754187c19e0a1a029b148b74cf58dd12ec27b4e19c0e5d6e22b5a9a86", size = 4393, upload-time = "2025-08-12T07:57:50.26Z" }
wheels = [
    { url = "https://files.pythonhosted.org/packages/49/65/dea992c6a97074f6d8ff9eab34741298cac2ce23e2b6c74fb7d08afdf85c/sentinels-1.1.1-py3-none-any.whl", hash = "sha256:835d3b28f3b47f5284afa4bf2db6e00f2dc5f80f9923d4b7e7aeeeccf6146a11", size = 3744, upload-time = "2025-08-12T07:57:48.858Z" },
]

[[package]]
name = "sniffio"
version = "1.3.1"
source = { registry = "https://pypi.org/simple" }
sdist = { url = "https://files.pythonhosted.org/packages/a2/87/a6771e1546d97e7e041b6ae58d80074f81b7d5121207425c964ddf5cfdbd/sniffio-1.3.1.tar.gz", hash = "sha256:f4324edc670a0f49750a81b895f35c3adb843cca46f0530f79fc1babb23789dc", size = 20372, upload-time = "2024-02-25T23:20:04.057Z" }
wheels = [
    { url = "https://files.pythonhosted.org/packages/e9/44/75a9c9421471a6c4805dbf2356f7c181a29c1879239abab1ea2cc8f38b40/sniffio-1.3.1-py3-none-any.whl", hash = "sha256:2f6da418d1f1e0fddd844478f41680e794e6051915791a034ff65e5f100525a2", size = 10235, upload-time = "2024-02-25T23:20:01.196Z" },
]

[[package]]
name = "toml"
version = "0.10.2"
source = { registry = "https://pypi.org/simple" }
sdist = { url = "https://files.pythonhosted.org/packages/be/ba/1f744cdc819428fc6b5084ec34d9b30660f6f9daaf70eead706e3203ec3c/toml-0.10.2.tar.gz", hash = "sha256:b3bda1d108d5dd99f4a20d24d9c348e91c4db7ab1b749200bded2f839ccbe68f", size = 22253, upload-time = "2020-11-01T01:40:22.204Z" }
wheels = [
    { url = "https://files.pythonhosted.org/packages/44/6f/7120676b6d73228c96e17f1f794d8ab046fc910d781c8d151120c3f1569e/toml-0.10.2-py2.py3-none-any.whl", hash = "sha256:806143ae5bfb6a3c6e736a764057db0e6a0e05e338b5630894a5f779cabb4f9b", size = 16588, upload-time = "2020-11-01T01:40:20.672Z" },
]

[[package]]
name = "tornado"
version = "6.5.7"
source = { registry = "https://pypi.org/simple" }
sdist = { url = "https://files.pythonhosted.org/packages/64/24/95ec527ad67b76d59299e5465b3935d05e4294b7e0290a3924b7487df30b/tornado-6.5.7.tar.gz", hash = "sha256:66c513a76cda70d53907bc27cf1447557699c2e95aa48ba27a442ff61c3ddfc2", size = 519252, upload-time = "2026-06-08T17:34:51.232Z" }
wheels = [
    { url = "https://files.pythonhosted.org/packages/02/dc/c7043cab6fed8ae159fc1923ce829ada35c4dbd797d408a43858ffaf9639/tornado-6.5.7-cp39-abi3-macosx_10_9_universal2.whl", hash = "sha256:148b2eb15c2c765a50796172c1e499649b35f30d2e3c3d3e15913cfa56bfb163", size = 448543, upload-time = "2026-06-08T17:34:38.052Z" },
    { url = "https://files.pythonhosted.org/packages/92/4f/090b1431e5a43df696feceffc268c5383cc079ecb5f08ce58f917109aafe/tornado-6.5.7-cp39-abi3-macosx_10_9_x86_64.whl", hash = "sha256:9da38de27f1da3b78a966f0dae12b5a1ea9afe72ca805d84ff06508272ddf100", size = 446707, upload-time = "2026-06-08T17:34:39.594Z" },
    { url = "https://files.pythonhosted.org/packages/37/d8/ef374952fd5da67d4463122c2b8e5a96536ec10b4b339254c6dcde81d01c/tornado-6.5.7-cp39-abi3-manylinux1_x86_64.manylinux_2_28_x86_64.manylinux_2_5_x86_64.whl", hash = "sha256:8d759e71906ee783f8867b93bf26a265743da4c1e2f4a018464c1ba019862972", size = 449774, upload-time = "2026-06-08T17:34:41.204Z" },
    { url = "https://files.pythonhosted.org/packages/35/37/d434c73f4c6e014b745b9b37085f34f40c022f007efff3d7fe65991899f3/tornado-6.5.7-cp39-abi3-manylinux2014_aarch64.manylinux_2_17_aarch64.manylinux_2_28_aarch64.whl", hash = "sha256:8a46347a18f23fb92b396beebe0fb78f61dda0cc302445202c16203d8a18848b", size = 450745, upload-time = "2026-06-08T17:34:42.531Z" },
    { url = "https://files.pythonhosted.org/packages/b6/2b/56b9aff361d7f1ab728a805ec7d7ea835f8807afa9f5cc690ea0e630efb9/tornado-6.5.7-cp39-abi3-musllinux_1_2_aarch64.whl", hash = "sha256:7778b30bef919231265e91c69963ce0f49a1e9c07ac900bbe75b19ce2575ba92", size = 450578, upload-time = "2026-06-08T17:34:43.787Z" },
    { url = "https://files.pythonhosted.org/packages/02/30/a7444fb23aa76860a14198fab96ac79f1866b0a6e19e26c4381b0938e50f/tornado-6.5.7-cp39-abi3-musllinux_1_2_x86_64.whl", hash = "sha256:e726f0c75da7726eec023aa62751ff8878bd2737e34fbdd33b1ae5897d2200f5", size = 449985, upload-time = "2026-06-08T17:34:45.326Z" },
    { url = "https://files.pythonhosted.org/packages/5c/42/5f0e56c01e8d9d36f4e23f367b85ae6cae0c1ecddd5e6977d8388ad27488/tornado-6.5.7-cp39-abi3-win32.whl", hash = "sha256:f8de3bf12d3efdd0cbe7c8887868198f8a91415e3f29fcf258d9b8eb7b1d9ae4", size = 451047, upload-time = "2026-06-08T17:34:46.784Z" },
    { url = "https://files.pythonhosted.org/packages/c9/a4/b393076ffb21b469eec5b328a0534cf03a3b90bfc6b1f09507cdd075d938/tornado-6.5.7-cp39-abi3-win_amd64.whl", hash = "sha256:de942f843533a039ef9fa3d9c88c7cd8a7c94553fb5ad0154270989b3d99a2c4", size = 451485, upload-time = "2026-06-08T17:34:48.248Z" },
    { url = "https://files.pythonhosted.org/packages/71/2e/7b1c769803121b809112cf9a00681c472eae1d80e32d7ec0e0bd61d0d0e1/tornado-6.5.7-cp39-abi3-win_arm64.whl", hash = "sha256:ff934fce95643af5f11efdae618eaa73d469dc588641e5c8d19295a0c65c4796", size = 450506, upload-time = "2026-06-08T17:34:49.702Z" },
]

[[package]]
name = "tqdm"
version = "4.68.2"
source = { registry = "https://pypi.org/simple" }
dependencies = [
    { name = "colorama", marker = "sys_platform == 'win32'" },
]
sdist = { url = "https://files.pythonhosted.org/packages/85/05/0d5260f1f1ca784f4a4a0def9cbe6affe587f5b4025328d446c3d67765f4/tqdm-4.68.2.tar.gz", hash = "sha256:89c230e8dbc67c7615c142487111222f878c77427ea09549960f62389e258add", size = 171923, upload-time = "2026-06-09T13:26:42.539Z" }
wheels = [
    { url = "https://files.pythonhosted.org/packages/eb/75/1a0392bcc21c44dcdf87b3cf2d137e7829be2c083a1e38d44efca3d57a16/tqdm-4.68.2-py3-none-any.whl", hash = "sha256:d4240441fb5353290b87d6a85968c9decc131a99b8c7faa28269d829de669ede", size = 78578, upload-time = "2026-06-09T13:26:40.731Z" },
]

[[package]]
name = "typing-extensions"
version = "4.15.0"
source = { registry = "https://pypi.org/simple" }
sdist = { url = "https://files.pythonhosted.org/packages/72/94/1a15dd82efb362ac84269196e94cf00f187f7ed21c242792a923cdb1c61f/typing_extensions-4.15.0.tar.gz", hash = "sha256:0cea48d173cc12fa28ecabc3b837ea3cf6f38c6d1136f85cbaaf598984861466", size = 109391, upload-time = "2025-08-25T13:49:26.313Z" }
wheels = [
    { url = "https://files.pythonhosted.org/packages/18/67/36e9267722cc04a6b9f15c7f3441c2363321a3ea07da7ae0c0707beb2a9c/typing_extensions-4.15.0-py3-none-any.whl", hash = "sha256:f0fa19c6845758ab08074a0cfa8b7aecb71c999ca73d62883bc25cc018c4e548", size = 44614, upload-time = "2025-08-25T13:49:24.86Z" },
]

[[package]]
name = "typing-inspect"
version = "0.9.0"
source = { registry = "https://pypi.org/simple" }
dependencies = [
    { name = "mypy-extensions" },
    { name = "typing-extensions" },
]
sdist = { url = "https://files.pythonhosted.org/packages/dc/74/1789779d91f1961fa9438e9a8710cdae6bd138c80d7303996933d117264a/typing_inspect-0.9.0.tar.gz", hash = "sha256:b23fc42ff6f6ef6954e4852c1fb512cdd18dbea03134f91f856a95ccc9461f78", size = 13825, upload-time = "2023-05-24T20:25:47.612Z" }
wheels = [
    { url = "https://files.pythonhosted.org/packages/65/f3/107a22063bf27bdccf2024833d3445f4eea42b2e598abfbd46f6a63b6cb0/typing_inspect-0.9.0-py3-none-any.whl", hash = "sha256:9ee6fc59062311ef8547596ab6b955e1b8aa46242d854bfc78f4f6b0eff35f9f", size = 8827, upload-time = "2023-05-24T20:25:45.287Z" },
]
